// !$*UTF8*$!
{
	archiveVersion = 1;
	classes = {
	};
	objectVersion = 56;
	objects = {

/* Begin PBXBuildFile section */
		4A287BAE2C6BAD76001790A4 /* Pokemon+Ext.swift in Sources */ = {isa = PBXBuildFile; fileRef = 4A287BAD2C6BAD76001790A4 /* Pokemon+Ext.swift */; };
		4A287BB02C6BB3AF001790A4 /* StatsView.swift in Sources */ = {isa = PBXBuildFile; fileRef = 4A287BAF2C6BB3AF001790A4 /* StatsView.swift */; };
		4A7F70322C6A638E00812815 /* TempPokemon.swift in Sources */ = {isa = PBXBuildFile; fileRef = 4A7F70312C6A638E00812815 /* TempPokemon.swift */; };
		4A9F7EE72C4BD8010047601E /* Dex3AppApp.swift in Sources */ = {isa = PBXBuildFile; fileRef = 4A9F7EE62C4BD8010047601E /* Dex3AppApp.swift */; };
		4A9F7EE92C4BD8010047601E /* ContentView.swift in Sources */ = {isa = PBXBuildFile; fileRef = 4A9F7EE82C4BD8010047601E /* ContentView.swift */; };
		4A9F7EEB2C4BD8020047601E /* Assets.xcassets in Resources */ = {isa = PBXBuildFile; fileRef = 4A9F7EEA2C4BD8020047601E /* Assets.xcassets */; };
		4A9F7EEE2C4BD8020047601E /* Preview Assets.xcassets in Resources */ = {isa = PBXBuildFile; fileRef = 4A9F7EED2C4BD8020047601E /* Preview Assets.xcassets */; };
		4A9F7EF02C4BD8020047601E /* Persistence.swift in Sources */ = {isa = PBXBuildFile; fileRef = 4A9F7EEF2C4BD8020047601E /* Persistence.swift */; };
		4A9F7EF32C4BD8020047601E /* Dex3App.xcdatamodeld in Sources */ = {isa = PBXBuildFile; fileRef = 4A9F7EF12C4BD8020047601E /* Dex3App.xcdatamodeld */; };
		4ADCF5FC2C6AFC1300B8E8B6 /* FetchController.swift in Sources */ = {isa = PBXBuildFile; fileRef = 4ADCF5FB2C6AFC1300B8E8B6 /* FetchController.swift */; };
		4ADCF6002C6B02C000B8E8B6 /* PokemonViewModel.swift in Sources */ = {isa = PBXBuildFile; fileRef = 4ADCF5FF2C6B02C000B8E8B6 /* PokemonViewModel.swift */; };
		4ADCF6022C6B0CC700B8E8B6 /* PokemonDetailView.swift in Sources */ = {isa = PBXBuildFile; fileRef = 4ADCF6012C6B0CC700B8E8B6 /* PokemonDetailView.swift */; };
		4ADCF6042C6B0FEF00B8E8B6 /* SamplePokemon.swift in Sources */ = {isa = PBXBuildFile; fileRef = 4ADCF6032C6B0FEF00B8E8B6 /* SamplePokemon.swift */; };
/* End PBXBuildFile section */

/* Begin PBXFileReference section */
		4A287BAD2C6BAD76001790A4 /* Pokemon+Ext.swift */ = {isa = PBXFileReference; lastKnownFileType = sourcecode.swift; path = "Pokemon+Ext.swift"; sourceTree = "<group>"; };
		4A287BAF2C6BB3AF001790A4 /* StatsView.swift */ = {isa = PBXFileReference; lastKnownFileType = sourcecode.swift; path = StatsView.swift; sourceTree = "<group>"; };
		4A7F70312C6A638E00812815 /* TempPokemon.swift */ = {isa = PBXFileReference; lastKnownFileType = sourcecode.swift; path = TempPokemon.swift; sourceTree = "<group>"; };
		4A9F7EE32C4BD8010047601E /* Dex3App.app */ = {isa = PBXFileReference; explicitFileType = wrapper.application; includeInIndex = 0; path = Dex3App.app; sourceTree = BUILT_PRODUCTS_DIR; };
		4A9F7EE62C4BD8010047601E /* Dex3AppApp.swift */ = {isa = PBXFileReference; lastKnownFileType = sourcecode.swift; path = Dex3AppApp.swift; sourceTree = "<group>"; };
		4A9F7EE82C4BD8010047601E /* ContentView.swift */ = {isa = PBXFileReference; lastKnownFileType = sourcecode.swift; path = ContentView.swift; sourceTree = "<group>"; };
		4A9F7EEA2C4BD8020047601E /* Assets.xcassets */ = {isa = PBXFileReference; lastKnownFileType = folder.assetcatalog; path = Assets.xcassets; sourceTree = "<group>"; };
		4A9F7EED2C4BD8020047601E /* Preview Assets.xcassets */ = {isa = PBXFileReference; lastKnownFileType = folder.assetcatalog; path = "Preview Assets.xcassets"; sourceTree = "<group>"; };
		4A9F7EEF2C4BD8020047601E /* Persistence.swift */ = {isa = PBXFileReference; lastKnownFileType = sourcecode.swift; path = Persistence.swift; sourceTree = "<group>"; };
		4A9F7EF22C4BD8020047601E /* Dex3App.xcdatamodel */ = {isa = PBXFileReference; lastKnownFileType = wrapper.xcdatamodel; path = Dex3App.xcdatamodel; sourceTree = "<group>"; };
		4ADCF5FB2C6AFC1300B8E8B6 /* FetchController.swift */ = {isa = PBXFileReference; lastKnownFileType = sourcecode.swift; path = FetchController.swift; sourceTree = "<group>"; };
		4ADCF5FF2C6B02C000B8E8B6 /* PokemonViewModel.swift */ = {isa = PBXFileReference; lastKnownFileType = sourcecode.swift; path = PokemonViewModel.swift; sourceTree = "<group>"; };
		4ADCF6012C6B0CC700B8E8B6 /* PokemonDetailView.swift */ = {isa = PBXFileReference; lastKnownFileType = sourcecode.swift; path = PokemonDetailView.swift; sourceTree = "<group>"; };
		4ADCF6032C6B0FEF00B8E8B6 /* SamplePokemon.swift */ = {isa = PBXFileReference; lastKnownFileType = sourcecode.swift; path = SamplePokemon.swift; sourceTree = "<group>"; };
/* End PBXFileReference section */

/* Begin PBXFrameworksBuildPhase section */
		4A9F7EE02C4BD8010047601E /* Frameworks */ = {
			isa = PBXFrameworksBuildPhase;
			buildActionMask = 2147483647;
			files = (
			);
			runOnlyForDeploymentPostprocessing = 0;
		};
/* End PBXFrameworksBuildPhase section */

/* Begin PBXGroup section */
		4A7F70302C6A637500812815 /* Model */ = {
			isa = PBXGroup;
			children = (
				4A9F7EF12C4BD8020047601E /* Dex3App.xcdatamodeld */,
				4A7F70312C6A638E00812815 /* TempPokemon.swift */,
				4A287BAD2C6BAD76001790A4 /* Pokemon+Ext.swift */,
			);
			path = Model;
			sourceTree = "<group>";
		};
		4A9F7EDA2C4BD8010047601E = {
			isa = PBXGroup;
			children = (
				4A9F7EE52C4BD8010047601E /* Dex3App */,
				4A9F7EE42C4BD8010047601E /* Products */,
			);
			sourceTree = "<group>";
		};
		4A9F7EE42C4BD8010047601E /* Products */ = {
			isa = PBXGroup;
			children = (
				4A9F7EE32C4BD8010047601E /* Dex3App.app */,
			);
			name = Products;
			sourceTree = "<group>";
		};
		4A9F7EE52C4BD8010047601E /* Dex3App */ = {
			isa = PBXGroup;
			children = (
				4A9F7EE82C4BD8010047601E /* ContentView.swift */,
				4ADCF6052C6B113900B8E8B6 /* Views */,
				4A7F70302C6A637500812815 /* Model */,
				4ADCF5FE2C6B02AF00B8E8B6 /* ViewModel */,
				4ADCF5FD2C6B027D00B8E8B6 /* Services */,
				4A9F7EE62C4BD8010047601E /* Dex3AppApp.swift */,
				4A9F7EEA2C4BD8020047601E /* Assets.xcassets */,
				4A9F7EEF2C4BD8020047601E /* Persistence.swift */,
				4A9F7EEC2C4BD8020047601E /* Preview Content */,
			);
			path = Dex3App;
			sourceTree = "<group>";
		};
		4A9F7EEC2C4BD8020047601E /* Preview Content */ = {
			isa = PBXGroup;
			children = (
				4A9F7EED2C4BD8020047601E /* Preview Assets.xcassets */,
			);
			path = "Preview Content";
			sourceTree = "<group>";
		};
		4ADCF5FD2C6B027D00B8E8B6 /* Services */ = {
			isa = PBXGroup;
			children = (
				4ADCF5FB2C6AFC1300B8E8B6 /* FetchController.swift */,
				4ADCF6032C6B0FEF00B8E8B6 /* SamplePokemon.swift */,
			);
			path = Services;
			sourceTree = "<group>";
		};
		4ADCF5FE2C6B02AF00B8E8B6 /* ViewModel */ = {
			isa = PBXGroup;
			children = (
				4ADCF5FF2C6B02C000B8E8B6 /* PokemonViewModel.swift */,
			);
			path = ViewModel;
			sourceTree = "<group>";
		};
		4ADCF6052C6B113900B8E8B6 /* Views */ = {
			isa = PBXGroup;
			children = (
				4ADCF6012C6B0CC700B8E8B6 /* PokemonDetailView.swift */,
				4A287BAF2C6BB3AF001790A4 /* StatsView.swift */,
			);
			path = Views;
			sourceTree = "<group>";
		};
/* End PBXGroup section */

/* Begin PBXNativeTarget section */
		4A9F7EE22C4BD8010047601E /* Dex3App */ = {
			isa = PBXNativeTarget;
			buildConfigurationList = 4A9F7EF62C4BD8020047601E /* Build configuration list for PBXNativeTarget "Dex3App" */;
			buildPhases = (
				4A9F7EDF2C4BD8010047601E /* Sources */,
				4A9F7EE02C4BD8010047601E /* Frameworks */,
				4A9F7EE12C4BD8010047601E /* Resources */,
			);
			buildRules = (
			);
			dependencies = (
			);
			name = Dex3App;
			productName = Dex3App;
			productReference = 4A9F7EE32C4BD8010047601E /* Dex3App.app */;
			productType = "com.apple.product-type.application";
		};
/* End PBXNativeTarget section */

/* Begin PBXProject section */
		4A9F7EDB2C4BD8010047601E /* Project object */ = {
			isa = PBXProject;
			attributes = {
				BuildIndependentTargetsInParallel = 1;
				LastSwiftUpdateCheck = 1540;
				LastUpgradeCheck = 1540;
				TargetAttributes = {
					4A9F7EE22C4BD8010047601E = {
						CreatedOnToolsVersion = 15.4;
					};
				};
			};
			buildConfigurationList = 4A9F7EDE2C4BD8010047601E /* Build configuration list for PBXProject "Dex3App" */;
			compatibilityVersion = "Xcode 14.0";
			developmentRegion = en;
			hasScannedForEncodings = 0;
			knownRegions = (
				en,
				Base,
			);
			mainGroup = 4A9F7EDA2C4BD8010047601E;
			productRefGroup = 4A9F7EE42C4BD8010047601E /* Products */;
			projectDirPath = "";
			projectRoot = "";
			targets = (
				4A9F7EE22C4BD8010047601E /* Dex3App */,
			);
		};
/* End PBXProject section */

/* Begin PBXResourcesBuildPhase section */
		4A9F7EE12C4BD8010047601E /* Resources */ = {
			isa = PBXResourcesBuildPhase;
			buildActionMask = 2147483647;
			files = (
				4A9F7EEE2C4BD8020047601E /* Preview Assets.xcassets in Resources */,
				4A9F7EEB2C4BD8020047601E /* Assets.xcassets in Resources */,
			);
			runOnlyForDeploymentPostprocessing = 0;
		};
/* End PBXResourcesBuildPhase section */

/* Begin PBXSourcesBuildPhase section */
		4A9F7EDF2C4BD8010047601E /* Sources */ = {
			isa = PBXSourcesBuildPhase;
			buildActionMask = 2147483647;
			files = (
				4A287BB02C6BB3AF001790A4 /* StatsView.swift in Sources */,
				4A9F7EF02C4BD8020047601E /* Persistence.swift in Sources */,
				4ADCF6022C6B0CC700B8E8B6 /* PokemonDetailView.swift in Sources */,
				4A9F7EF32C4BD8020047601E /* Dex3App.xcdatamodeld in Sources */,
				4A287BAE2C6BAD76001790A4 /* Pokemon+Ext.swift in Sources */,
				4ADCF5FC2C6AFC1300B8E8B6 /* FetchController.swift in Sources */,
				4ADCF6042C6B0FEF00B8E8B6 /* SamplePokemon.swift in Sources */,
				4ADCF6002C6B02C000B8E8B6 /* PokemonViewModel.swift in Sources */,
				4A7F70322C6A638E00812815 /* TempPokemon.swift in Sources */,
				4A9F7EE92C4BD8010047601E /* ContentView.swift in Sources */,
				4A9F7EE72C4BD8010047601E /* Dex3AppApp.swift in Sources */,
			);
			runOnlyForDeploymentPostprocessing = 0;
		};
/* End PBXSourcesBuildPhase section */

/* Begin XCBuildConfiguration section */
		4A9F7EF42C4BD8020047601E /* Debug */ = {
			isa = XCBuildConfiguration;
			buildSettings = {
				ALWAYS_SEARCH_USER_PATHS = NO;
				ASSETCATALOG_COMPILER_GENERATE_SWIFT_ASSET_SYMBOL_EXTENSIONS = YES;
				CLANG_ANALYZER_NONNULL = YES;
				CLANG_ANALYZER_NUMBER_OBJECT_CONVERSION = YES_AGGRESSIVE;
				CLANG_CXX_LANGUAGE_STANDARD = "gnu++20";
				CLANG_ENABLE_MODULES = YES;
				CLANG_ENABLE_OBJC_ARC = YES;
				CLANG_ENABLE_OBJC_WEAK = YES;
				CLANG_WARN_BLOCK_CAPTURE_AUTORELEASING = YES;
				CLANG_WARN_BOOL_CONVERSION = YES;
				CLANG_WARN_COMMA = YES;
				CLANG_WARN_CONSTANT_CONVERSION = YES;
				CLANG_WARN_DEPRECATED_OBJC_IMPLEMENTATIONS = YES;
				CLANG_WARN_DIRECT_OBJC_ISA_USAGE = YES_ERROR;
				CLANG_WARN_DOCUMENTATION_COMMENTS = YES;
				CLANG_WARN_EMPTY_BODY = YES;
				CLANG_WARN_ENUM_CONVERSION = YES;
				CLANG_WARN_INFINITE_RECURSION = YES;
				CLANG_WARN_INT_CONVERSION = YES;
				CLANG_WARN_NON_LITERAL_NULL_CONVERSION = YES;
				CLANG_WARN_OBJC_IMPLICIT_RETAIN_SELF = YES;
				CLANG_WARN_OBJC_LITERAL_CONVERSION = YES;
				CLANG_WARN_OBJC_ROOT_CLASS = YES_ERROR;
				CLANG_WARN_QUOTED_INCLUDE_IN_FRAMEWORK_HEADER = YES;
				CLANG_WARN_RANGE_LOOP_ANALYSIS = YES;
				CLANG_WARN_STRICT_PROTOTYPES = YES;
				CLANG_WARN_SUSPICIOUS_MOVE = YES;
				CLANG_WARN_UNGUARDED_AVAILABILITY = YES_AGGRESSIVE;
				CLANG_WARN_UNREACHABLE_CODE = YES;
				CLANG_WARN__DUPLICATE_METHOD_MATCH = YES;
				COPY_PHASE_STRIP = NO;
				DEBUG_INFORMATION_FORMAT = dwarf;
				ENABLE_STRICT_OBJC_MSGSEND = YES;
				ENABLE_TESTABILITY = YES;
				ENABLE_USER_SCRIPT_SANDBOXING = YES;
				GCC_C_LANGUAGE_STANDARD = gnu17;
				GCC_DYNAMIC_NO_PIC = NO;
				GCC_NO_COMMON_BLOCKS = YES;
				GCC_OPTIMIZATION_LEVEL = 0;
				GCC_PREPROCESSOR_DEFINITIONS = (
					"DEBUG=1",
					"$(inherited)",
				);
				GCC_WARN_64_TO_32_BIT_CONVERSION = YES;
				GCC_WARN_ABOUT_RETURN_TYPE = YES_ERROR;
				GCC_WARN_UNDECLARED_SELECTOR = YES;
				GCC_WARN_UNINITIALIZED_AUTOS = YES_AGGRESSIVE;
				GCC_WARN_UNUSED_FUNCTION = YES;
				GCC_WARN_UNUSED_VARIABLE = YES;
				IPHONEOS_DEPLOYMENT_TARGET = 17.5;
				LOCALIZATION_PREFERS_STRING_CATALOGS = YES;
				MTL_ENABLE_DEBUG_INFO = INCLUDE_SOURCE;
				MTL_FAST_MATH = YES;
				ONLY_ACTIVE_ARCH = YES;
				SDKROOT = iphoneos;
				SWIFT_ACTIVE_COMPILATION_CONDITIONS = "DEBUG $(inherited)";
				SWIFT_OPTIMIZATION_LEVEL = "-Onone";
			};
			name = Debug;
		};
		4A9F7EF52C4BD8020047601E /* Release */ = {
			isa = XCBuildConfiguration;
			buildSettings = {
				ALWAYS_SEARCH_USER_PATHS = NO;
				ASSETCATALOG_COMPILER_GENERATE_SWIFT_ASSET_SYMBOL_EXTENSIONS = YES;
				CLANG_ANALYZER_NONNULL = YES;
				CLANG_ANALYZER_NUMBER_OBJECT_CONVERSION = YES_AGGRESSIVE;
				CLANG_CXX_LANGUAGE_STANDARD = "gnu++20";
				CLANG_ENABLE_MODULES = YES;
				CLANG_ENABLE_OBJC_ARC = YES;
				CLANG_ENABLE_OBJC_WEAK = YES;
				CLANG_WARN_BLOCK_CAPTURE_AUTORELEASING = YES;
				CLANG_WARN_BOOL_CONVERSION = YES;
				CLANG_WARN_COMMA = YES;
				CLANG_WARN_CONSTANT_CONVERSION = YES;
				CLANG_WARN_DEPRECATED_OBJC_IMPLEMENTATIONS = YES;
				CLANG_WARN_DIRECT_OBJC_ISA_USAGE = YES_ERROR;
				CLANG_WARN_DOCUMENTATION_COMMENTS = YES;
				CLANG_WARN_EMPTY_BODY = YES;
				CLANG_WARN_ENUM_CONVERSION = YES;
				CLANG_WARN_INFINITE_RECURSION = YES;
				CLANG_WARN_INT_CONVERSION = YES;
				CLANG_WARN_NON_LITERAL_NULL_CONVERSION = YES;
				CLANG_WARN_OBJC_IMPLICIT_RETAIN_SELF = YES;
				CLANG_WARN_OBJC_LITERAL_CONVERSION = YES;
				CLANG_WARN_OBJC_ROOT_CLASS = YES_ERROR;
				CLANG_WARN_QUOTED_INCLUDE_IN_FRAMEWORK_HEADER = YES;
				CLANG_WARN_RANGE_LOOP_ANALYSIS = YES;
				CLANG_WARN_STRICT_PROTOTYPES = YES;
				CLANG_WARN_SUSPICIOUS_MOVE = YES;
				CLANG_WARN_UNGUARDED_AVAILABILITY = YES_AGGRESSIVE;
				CLANG_WARN_UNREACHABLE_CODE = YES;
				CLANG_WARN__DUPLICATE_METHOD_MATCH = YES;
				COPY_PHASE_STRIP = NO;
				DEBUG_INFORMATION_FORMAT = "dwarf-with-dsym";
				ENABLE_NS_ASSERTIONS = NO;
				ENABLE_STRICT_OBJC_MSGSEND = YES;
				ENABLE_USER_SCRIPT_SANDBOXING = YES;
				GCC_C_LANGUAGE_STANDARD = gnu17;
				GCC_NO_COMMON_BLOCKS = YES;
				GCC_WARN_64_TO_32_BIT_CONVERSION = YES;
				GCC_WARN_ABOUT_RETURN_TYPE = YES_ERROR;
				GCC_WARN_UNDECLARED_SELECTOR = YES;
				GCC_WARN_UNINITIALIZED_AUTOS = YES_AGGRESSIVE;
				GCC_WARN_UNUSED_FUNCTION = YES;
				GCC_WARN_UNUSED_VARIABLE = YES;
				IPHONEOS_DEPLOYMENT_TARGET = 17.5;
				LOCALIZATION_PREFERS_STRING_CATALOGS = YES;
				MTL_ENABLE_DEBUG_INFO = NO;
				MTL_FAST_MATH = YES;
				SDKROOT = iphoneos;
				SWIFT_COMPILATION_MODE = wholemodule;
				VALIDATE_PRODUCT = YES;
			};
			name = Release;
		};
		4A9F7EF72C4BD8020047601E /* Debug */ = {
			isa = XCBuildConfiguration;
			buildSettings = {
				ASSETCATALOG_COMPILER_APPICON_NAME = AppIcon;
				ASSETCATALOG_COMPILER_GLOBAL_ACCENT_COLOR_NAME = AccentColor;
				CODE_SIGN_STYLE = Automatic;
				CURRENT_PROJECT_VERSION = 1;
				DEVELOPMENT_ASSET_PATHS = "\"Dex3App/Preview Content\"";
				DEVELOPMENT_TEAM = 235VR6UC3H;
				ENABLE_PREVIEWS = YES;
				GENERATE_INFOPLIST_FILE = YES;
				INFOPLIST_KEY_UIApplicationSceneManifest_Generation = YES;
				INFOPLIST_KEY_UIApplicationSupportsIndirectInputEvents = YES;
				INFOPLIST_KEY_UILaunchScreen_Generation = YES;
				INFOPLIST_KEY_UISupportedInterfaceOrientations_iPad = "UIInterfaceOrientationPortrait UIInterfaceOrientationPortraitUpsideDown UIInterfaceOrientationLandscapeLeft UIInterfaceOrientationLandscapeRight";
				INFOPLIST_KEY_UISupportedInterfaceOrientations_iPhone = "UIInterfaceOrientationPortrait UIInterfaceOrientationLandscapeLeft UIInterfaceOrientationLandscapeRight";
				LD_RUNPATH_SEARCH_PATHS = (
					"$(inherited)",
					"@executable_path/Frameworks",
				);
				MARKETING_VERSION = 1.0;
				PRODUCT_BUNDLE_IDENTIFIER = com.SaudAnup.Dex3App;
				PRODUCT_NAME = "$(TARGET_NAME)";
				SWIFT_EMIT_LOC_STRINGS = YES;
				SWIFT_VERSION = 5.0;
				TARGETED_DEVICE_FAMILY = "1,2";
			};
			name = Debug;
		};
		4A9F7EF82C4BD8020047601E /* Release */ = {
			isa = XCBuildConfiguration;
			buildSettings = {
				ASSETCATALOG_COMPILER_APPICON_NAME = AppIcon;
				ASSETCATALOG_COMPILER_GLOBAL_ACCENT_COLOR_NAME = AccentColor;
				CODE_SIGN_STYLE = Automatic;
				CURRENT_PROJECT_VERSION = 1;
				DEVELOPMENT_ASSET_PATHS = "\"Dex3App/Preview Content\"";
				DEVELOPMENT_TEAM = 235VR6UC3H;
				ENABLE_PREVIEWS = YES;
				GENERATE_INFOPLIST_FILE = YES;
				INFOPLIST_KEY_UIApplicationSceneManifest_Generation = YES;
				INFOPLIST_KEY_UIApplicationSupportsIndirectInputEvents = YES;
				INFOPLIST_KEY_UILaunchScreen_Generation = YES;
				INFOPLIST_KEY_UISupportedInterfaceOrientations_iPad = "UIInterfaceOrientationPortrait UIInterfaceOrientationPortraitUpsideDown UIInterfaceOrientationLandscapeLeft UIInterfaceOrientationLandscapeRight";
				INFOPLIST_KEY_UISupportedInterfaceOrientations_iPhone = "UIInterfaceOrientationPortrait UIInterfaceOrientationLandscapeLeft UIInterfaceOrientationLandscapeRight";
				LD_RUNPATH_SEARCH_PATHS = (
					"$(inherited)",
					"@executable_path/Frameworks",
				);
				MARKETING_VERSION = 1.0;
				PRODUCT_BUNDLE_IDENTIFIER = com.SaudAnup.Dex3App;
				PRODUCT_NAME = "$(TARGET_NAME)";
				SWIFT_EMIT_LOC_STRINGS = YES;
				SWIFT_VERSION = 5.0;
				TARGETED_DEVICE_FAMILY = "1,2";
			};
			name = Release;
		};
/* End XCBuildConfiguration section */

/* Begin XCConfigurationList section */
		4A9F7EDE2C4BD8010047601E /* Build configuration list for PBXProject "Dex3App" */ = {
			isa = XCConfigurationList;
			buildConfigurations = (
				4A9F7EF42C4BD8020047601E /* Debug */,
				4A9F7EF52C4BD8020047601E /* Release */,
			);
			defaultConfigurationIsVisible = 0;
			defaultConfigurationName = Release;
		};
		4A9F7EF62C4BD8020047601E /* Build configuration list for PBXNativeTarget "Dex3App" */ = {
			isa = XCConfigurationList;
			buildConfigurations = (
				4A9F7EF72C4BD8020047601E /* Debug */,
				4A9F7EF82C4BD8020047601E /* Release */,
			);
			defaultConfigurationIsVisible = 0;
			defaultConfigurationName = Release;
		};
/* End XCConfigurationList section */

/* Begin XCVersionGroup section */
		4A9F7EF12C4BD8020047601E /* Dex3App.xcdatamodeld */ = {
			isa = XCVersionGroup;
			children = (
				4A9F7EF22C4BD8020047601E /* Dex3App.xcdatamodel */,
			);
			currentVersion = 4A9F7EF22C4BD8020047601E /* Dex3App.xcdatamodel */;
			path = Dex3App.xcdatamodeld;
			sourceTree = "<group>";
			versionGroupType = wrapper.xcdatamodel;
		};
/* End XCVersionGroup section */
	};
	rootObject = 4A9F7EDB2C4BD8010047601E /* Project object */;
}
